{
  "originHash" : "20bb524ceb54ef03587caa91a44e52e47f3d0a3c56ec9f05bc9460a75de1814e",
  "pins" : [
    {
      "identity" : "lista",
      "kind" : "remoteSourceControl",
      "location" : "https://github.com/ptsochantaris/lista",
      "state" : {
        "branch" : "main",
        "revision" : "c11f05c3ba6c56c1eecb09663815408d3b11771a"
      }
    }
  ],
  "version" : 3
}
