{
  "originHash" : "08c7af31317b85cd419594f7bd6a4ba3667c3bcead4132c4e84eafc8985b8c48",
  "pins" : [
    {
      "identity" : "lista",
      "kind" : "remoteSourceControl",
      "location" : "https://github.com/ptsochantaris/lista",
      "state" : {
        "branch" : "main",
        "revision" : "56e6a46113f48e5db6b76997ec2c828f14df52d7"
      }
    }
  ],
  "version" : 3
}
